
Microsoft Visual Studio Solution File, Format Version 12.00
# Visual Studio Version 17
VisualStudioVersion = 17.0.31903.59
MinimumVisualStudioVersion = 10.0.40219.1
Project("{FAE04EC0-301F-11D3-BF4B-00C04F79EFBC}") = "Aridka.Client", "Aridka.Client\Aridka.Client.csproj", "{8C5D80B8-B60B-435E-A4ED-B183889300F9}"
EndProject
Project("{FAE04EC0-301F-11D3-BF4B-00C04F79EFBC}") = "Aridka.Server", "Aridka.Server\Aridka.Server.csproj", "{CE7A6F02-53D9-41ED-A4C6-D68F8069E598}"
EndProject
Global
	GlobalSection(SolutionConfigurationPlatforms) = preSolution
		Debug|Any CPU = Debug|Any CPU
		Release|Any CPU = Release|Any CPU
	EndGlobalSection
	GlobalSection(SolutionProperties) = preSolution
		HideSolutionNode = FALSE
	EndGlobalSection
	GlobalSection(ProjectConfigurationPlatforms) = postSolution
		{8C5D80B8-B60B-435E-A4ED-B183889300F9}.Debug|Any CPU.ActiveCfg = Debug|Any CPU
		{8C5D80B8-B60B-435E-A4ED-B183889300F9}.Debug|Any CPU.Build.0 = Debug|Any CPU
		{8C5D80B8-B60B-435E-A4ED-B183889300F9}.Release|Any CPU.ActiveCfg = Release|Any CPU
		{8C5D80B8-B60B-435E-A4ED-B183889300F9}.Release|Any CPU.Build.0 = Release|Any CPU
		{CE7A6F02-53D9-41ED-A4C6-D68F8069E598}.Debug|Any CPU.ActiveCfg = Debug|Any CPU
		{CE7A6F02-53D9-41ED-A4C6-D68F8069E598}.Debug|Any CPU.Build.0 = Debug|Any CPU
		{CE7A6F02-53D9-41ED-A4C6-D68F8069E598}.Release|Any CPU.ActiveCfg = Release|Any CPU
		{CE7A6F02-53D9-41ED-A4C6-D68F8069E598}.Release|Any CPU.Build.0 = Release|Any CPU
	EndGlobalSection
EndGlobal
