
Microsoft Visual Studio Solution File, Format Version 12.00
# Visual Studio Version 17
VisualStudioVersion = 17.0.31903.59
MinimumVisualStudioVersion = 10.0.40219.1
Project("{FAE04EC0-301F-11D3-BF4B-00C04F79EFBC}") = "Imynusoph.Client", "Imynusoph.Client\Imynusoph.Client.csproj", "{91C1A12C-19AE-4E2C-98D9-2CE39F12ABEC}"
EndProject
Project("{FAE04EC0-301F-11D3-BF4B-00C04F79EFBC}") = "Imynusoph.Server", "Imynusoph.Server\Imynusoph.Server.csproj", "{9E5700CE-5B80-4E6D-97E3-F6F27044C4AA}"
EndProject
Global
	GlobalSection(SolutionConfigurationPlatforms) = preSolution
		Debug|Any CPU = Debug|Any CPU
		Release|Any CPU = Release|Any CPU
	EndGlobalSection
	GlobalSection(SolutionProperties) = preSolution
		HideSolutionNode = FALSE
	EndGlobalSection
	GlobalSection(ProjectConfigurationPlatforms) = postSolution
		{91C1A12C-19AE-4E2C-98D9-2CE39F12ABEC}.Debug|Any CPU.ActiveCfg = Debug|Any CPU
		{91C1A12C-19AE-4E2C-98D9-2CE39F12ABEC}.Debug|Any CPU.Build.0 = Debug|Any CPU
		{91C1A12C-19AE-4E2C-98D9-2CE39F12ABEC}.Release|Any CPU.ActiveCfg = Release|Any CPU
		{91C1A12C-19AE-4E2C-98D9-2CE39F12ABEC}.Release|Any CPU.Build.0 = Release|Any CPU
		{9E5700CE-5B80-4E6D-97E3-F6F27044C4AA}.Debug|Any CPU.ActiveCfg = Debug|Any CPU
		{9E5700CE-5B80-4E6D-97E3-F6F27044C4AA}.Debug|Any CPU.Build.0 = Debug|Any CPU
		{9E5700CE-5B80-4E6D-97E3-F6F27044C4AA}.Release|Any CPU.ActiveCfg = Release|Any CPU
		{9E5700CE-5B80-4E6D-97E3-F6F27044C4AA}.Release|Any CPU.Build.0 = Release|Any CPU
	EndGlobalSection
EndGlobal
