
Microsoft Visual Studio Solution File, Format Version 12.00
# Visual Studio Version 17
VisualStudioVersion = 17.5.002.0
MinimumVisualStudioVersion = 10.0.40219.1
Project("{2150E333-8FDC-42A3-9474-1A3956D46DE8}") = "Aridka", "Aridka", "{CDADAE48-7295-4013-9CE1-6096E6F0A224}"
EndProject
Project("{9A19103F-16F7-4668-BE54-9A1E7A4F7556}") = "Aridka.Client", "Aridka\Aridka.Client\Aridka.Client.csproj", "{ACBC0A40-2BA7-490B-B87D-4873C80D65FD}"
EndProject
Project("{9A19103F-16F7-4668-BE54-9A1E7A4F7556}") = "Aridka.Server", "Aridka\Aridka.Server\Aridka.Server.csproj", "{B599BC79-66A7-4296-9F71-0449CD57513D}"
EndProject
Project("{2150E333-8FDC-42A3-9474-1A3956D46DE8}") = "Balosar", "Balosar", "{6897C73F-09A4-487C-AAAE-491485603861}"
EndProject
Project("{9A19103F-16F7-4668-BE54-9A1E7A4F7556}") = "Balosar.Client", "Balosar\Balosar.Client\Balosar.Client.csproj", "{FFEEB19F-ED00-4C87-A80B-E8166A98E236}"
EndProject
Project("{9A19103F-16F7-4668-BE54-9A1E7A4F7556}") = "Balosar.Server", "Balosar\Balosar.Server\Balosar.Server.csproj", "{F42996D1-CFE6-42B2-9D0E-34836E1B988D}"
EndProject
Project("{9A19103F-16F7-4668-BE54-9A1E7A4F7556}") = "Balosar.Shared", "Balosar\Balosar.Shared\Balosar.Shared.csproj", "{1958A417-2D70-49CE-A962-54FA9C9AAD11}"
EndProject
Project("{2150E333-8FDC-42A3-9474-1A3956D46DE8}") = "Contruum", "Contruum", "{4890E016-E405-411D-8C79-730433298F68}"
EndProject
Project("{9A19103F-16F7-4668-BE54-9A1E7A4F7556}") = "Contruum.Server", "Contruum\Contruum.Server\Contruum.Server.csproj", "{D235AB46-0B14-4234-870B-3122D4B009E7}"
EndProject
Project("{2150E333-8FDC-42A3-9474-1A3956D46DE8}") = "Dantooine", "Dantooine", "{5915DF63-491A-488D-AA55-81301E407627}"
EndProject
Project("{9A19103F-16F7-4668-BE54-9A1E7A4F7556}") = "Dantooine.Api", "Dantooine\Dantooine.Api\Dantooine.Api.csproj", "{5891476F-E19F-4251-9561-001D5182100C}"
EndProject
Project("{9A19103F-16F7-4668-BE54-9A1E7A4F7556}") = "Dantooine.Server", "Dantooine\Dantooine.Server\Dantooine.Server.csproj", "{A1BCCE95-1D55-4F9D-A0A2-6336A225511E}"
EndProject
Project("{9A19103F-16F7-4668-BE54-9A1E7A4F7556}") = "Dantooine.WebAssembly.Client", "Dantooine\Dantooine.WebAssembly.Client\Dantooine.WebAssembly.Client.csproj", "{6C6AAFB8-2F73-4240-A57C-990A6AAD89FD}"
EndProject
Project("{9A19103F-16F7-4668-BE54-9A1E7A4F7556}") = "Dantooine.WebAssembly.Server", "Dantooine\Dantooine.WebAssembly.Server\Dantooine.WebAssembly.Server.csproj", "{56CE2AD7-65E7-42B1-B90E-2C7F49694B2B}"
EndProject
Project("{9A19103F-16F7-4668-BE54-9A1E7A4F7556}") = "Dantooine.WebAssembly.Shared", "Dantooine\Dantooine.WebAssembly.Shared\Dantooine.WebAssembly.Shared.csproj", "{BC1B958A-163A-4C52-988C-9F89DC112D8C}"
EndProject
Project("{2150E333-8FDC-42A3-9474-1A3956D46DE8}") = "Fornax", "Fornax", "{737B3C26-867B-421C-86C8-777A2406B0BB}"
EndProject
Project("{9A19103F-16F7-4668-BE54-9A1E7A4F7556}") = "Fornax.Client", "Fornax\Fornax.Client\Fornax.Client.csproj", "{BC242C7C-1828-4D0D-A338-37988B05C667}"
EndProject
Project("{9A19103F-16F7-4668-BE54-9A1E7A4F7556}") = "Fornax.Server", "Fornax\Fornax.Server\Fornax.Server.csproj", "{02B4182C-22B7-4C79-BCFA-6D5CB9C83580}"
EndProject
Project("{2150E333-8FDC-42A3-9474-1A3956D46DE8}") = "Hollastin", "Hollastin", "{BBED8EBB-3679-45CB-9E99-F6BC164F40E3}"
EndProject
Project("{9A19103F-16F7-4668-BE54-9A1E7A4F7556}") = "Hollastin.Client", "Hollastin\Hollastin.Client\Hollastin.Client.csproj", "{23C84EC6-EE67-4ECF-BD77-00F9A2E5B709}"
EndProject
Project("{9A19103F-16F7-4668-BE54-9A1E7A4F7556}") = "Hollastin.Server", "Hollastin\Hollastin.Server\Hollastin.Server.csproj", "{782B260F-C9B1-48BB-B2D5-B84C5AF6F517}"
EndProject
Project("{2150E333-8FDC-42A3-9474-1A3956D46DE8}") = "Imynusoph", "Imynusoph", "{E0C5D31F-C46E-436F-89A5-DF5C108F2EC8}"
EndProject
Project("{9A19103F-16F7-4668-BE54-9A1E7A4F7556}") = "Imynusoph.Client", "Imynusoph\Imynusoph.Client\Imynusoph.Client.csproj", "{BD47B7FD-7E98-4C5E-A339-9F3D7A7C7A15}"
EndProject
Project("{9A19103F-16F7-4668-BE54-9A1E7A4F7556}") = "Imynusoph.Server", "Imynusoph\Imynusoph.Server\Imynusoph.Server.csproj", "{2420FB48-BB54-4DF0-83E2-D6C52BE44FAF}"
EndProject
Project("{2150E333-8FDC-42A3-9474-1A3956D46DE8}") = "Kalarba", "Kalarba", "{8BD2BA59-F33B-4685-972E-CCDBB55C623D}"
EndProject
Project("{9A19103F-16F7-4668-BE54-9A1E7A4F7556}") = "Kalarba.Client", "Kalarba\Kalarba.Client\Kalarba.Client.csproj", "{8E6E187D-CB01-4E86-8083-A1C06089430F}"
EndProject
Project("{9A19103F-16F7-4668-BE54-9A1E7A4F7556}") = "Kalarba.Server", "Kalarba\Kalarba.Server\Kalarba.Server.csproj", "{D52C47D8-A219-4398-80E8-B3396670F3D6}"
EndProject
Project("{2150E333-8FDC-42A3-9474-1A3956D46DE8}") = "Matty", "Matty", "{936B19A9-8FB8-40AF-8AD5-19CBA4DDF52E}"
EndProject
Project("{9A19103F-16F7-4668-BE54-9A1E7A4F7556}") = "Matty.Client", "Matty\Matty.Client\Matty.Client.csproj", "{F13FAB77-3DEC-41AD-9447-9C1B51547AED}"
EndProject
Project("{9A19103F-16F7-4668-BE54-9A1E7A4F7556}") = "Matty.Server", "Matty\Matty.Server\Matty.Server.csproj", "{E331F168-5821-413D-AEC1-583FCE2BBE55}"
EndProject
Project("{2150E333-8FDC-42A3-9474-1A3956D46DE8}") = "Mimban", "Mimban", "{9B2C9378-DED9-4670-94A3-E5F533D03792}"
EndProject
Project("{9A19103F-16F7-4668-BE54-9A1E7A4F7556}") = "Mimban.Client", "Mimban\Mimban.Client\Mimban.Client.csproj", "{D2E43859-EEA3-4018-8A64-7AB9D4C55F85}"
EndProject
Project("{9A19103F-16F7-4668-BE54-9A1E7A4F7556}") = "Mimban.Server", "Mimban\Mimban.Server\Mimban.Server.csproj", "{C8B2AD9F-0F2A-4DFF-88BA-F99581E39071}"
EndProject
Project("{2150E333-8FDC-42A3-9474-1A3956D46DE8}") = "Mortis", "Mortis", "{C5880F3D-79E7-43FD-A000-6C724613008F}"
EndProject
Project("{9A19103F-16F7-4668-BE54-9A1E7A4F7556}") = "Mortis.Client", "Mortis\Mortis.Client\Mortis.Client.csproj", "{2B5836FC-CFF3-4ECD-BC77-6A793C461951}"
EndProject
Project("{9A19103F-16F7-4668-BE54-9A1E7A4F7556}") = "Mortis.Server", "Mortis\Mortis.Server\Mortis.Server.csproj", "{2AE4F23E-B27E-4A08-9F56-A7437A52B70B}"
EndProject
Project("{2150E333-8FDC-42A3-9474-1A3956D46DE8}") = "Velusia", "Velusia", "{6154D407-C8FA-4CD0-B886-842C6289B018}"
EndProject
Project("{9A19103F-16F7-4668-BE54-9A1E7A4F7556}") = "Velusia.Client", "Velusia\Velusia.Client\Velusia.Client.csproj", "{DD47F20E-0C3A-411A-A5FB-2F7945F4E5EF}"
EndProject
Project("{9A19103F-16F7-4668-BE54-9A1E7A4F7556}") = "Velusia.Server", "Velusia\Velusia.Server\Velusia.Server.csproj", "{661C0A22-97F8-464B-AE6E-9A00F9485309}"
EndProject
Project("{2150E333-8FDC-42A3-9474-1A3956D46DE8}") = "Weytta", "Weytta", "{06B0240E-6E29-4D84-9EBB-DE20D6CD59A6}"
EndProject
Project("{9A19103F-16F7-4668-BE54-9A1E7A4F7556}") = "Weytta.Client", "Weytta\Weytta.Client\Weytta.Client.csproj", "{E0265FD4-B020-4BCC-9CA7-340714E0735A}"
EndProject
Project("{9A19103F-16F7-4668-BE54-9A1E7A4F7556}") = "Weytta.Server", "Weytta\Weytta.Server\Weytta.Server.csproj", "{63F711EF-8245-4381-BC70-1E901F55BA95}"
EndProject
Project("{2150E333-8FDC-42A3-9474-1A3956D46DE8}") = "Zirku", "Zirku", "{833CEB0B-2AC8-4097-A800-EE459D277716}"
EndProject
Project("{9A19103F-16F7-4668-BE54-9A1E7A4F7556}") = "Zirku.Api1", "Zirku\Zirku.Api1\Zirku.Api1.csproj", "{930B2914-F35C-4159-8565-5235D6183FD4}"
EndProject
Project("{9A19103F-16F7-4668-BE54-9A1E7A4F7556}") = "Zirku.Api2", "Zirku\Zirku.Api2\Zirku.Api2.csproj", "{2726BD48-BC13-4956-9119-01FE815B76D3}"
EndProject
Project("{9A19103F-16F7-4668-BE54-9A1E7A4F7556}") = "Zirku.Client1", "Zirku\Zirku.Client1\Zirku.Client1.csproj", "{D41CCA55-1053-4F48-8B86-9AA4713506E0}"
EndProject
Project("{9A19103F-16F7-4668-BE54-9A1E7A4F7556}") = "Zirku.Client2", "Zirku\Zirku.Client2\Zirku.Client2.csproj", "{BEB31C6E-03A6-4421-8E21-51A1E17A83CB}"
EndProject
Project("{9A19103F-16F7-4668-BE54-9A1E7A4F7556}") = "Zirku.Server", "Zirku\Zirku.Server\Zirku.Server.csproj", "{10827F28-25A9-4B46-ACA5-7B85327FC0E7}"
EndProject
Global
	GlobalSection(SolutionConfigurationPlatforms) = preSolution
		Debug|Any CPU = Debug|Any CPU
		Release|Any CPU = Release|Any CPU
	EndGlobalSection
	GlobalSection(ProjectConfigurationPlatforms) = postSolution
		{ACBC0A40-2BA7-490B-B87D-4873C80D65FD}.Debug|Any CPU.ActiveCfg = Debug|Any CPU
		{ACBC0A40-2BA7-490B-B87D-4873C80D65FD}.Debug|Any CPU.Build.0 = Debug|Any CPU
		{ACBC0A40-2BA7-490B-B87D-4873C80D65FD}.Release|Any CPU.ActiveCfg = Release|Any CPU
		{ACBC0A40-2BA7-490B-B87D-4873C80D65FD}.Release|Any CPU.Build.0 = Release|Any CPU
		{B599BC79-66A7-4296-9F71-0449CD57513D}.Debug|Any CPU.ActiveCfg = Debug|Any CPU
		{B599BC79-66A7-4296-9F71-0449CD57513D}.Debug|Any CPU.Build.0 = Debug|Any CPU
		{B599BC79-66A7-4296-9F71-0449CD57513D}.Release|Any CPU.ActiveCfg = Release|Any CPU
		{B599BC79-66A7-4296-9F71-0449CD57513D}.Release|Any CPU.Build.0 = Release|Any CPU
		{FFEEB19F-ED00-4C87-A80B-E8166A98E236}.Debug|Any CPU.ActiveCfg = Debug|Any CPU
		{FFEEB19F-ED00-4C87-A80B-E8166A98E236}.Debug|Any CPU.Build.0 = Debug|Any CPU
		{FFEEB19F-ED00-4C87-A80B-E8166A98E236}.Release|Any CPU.ActiveCfg = Release|Any CPU
		{FFEEB19F-ED00-4C87-A80B-E8166A98E236}.Release|Any CPU.Build.0 = Release|Any CPU
		{F42996D1-CFE6-42B2-9D0E-34836E1B988D}.Debug|Any CPU.ActiveCfg = Debug|Any CPU
		{F42996D1-CFE6-42B2-9D0E-34836E1B988D}.Debug|Any CPU.Build.0 = Debug|Any CPU
		{F42996D1-CFE6-42B2-9D0E-34836E1B988D}.Release|Any CPU.ActiveCfg = Release|Any CPU
		{F42996D1-CFE6-42B2-9D0E-34836E1B988D}.Release|Any CPU.Build.0 = Release|Any CPU
		{1958A417-2D70-49CE-A962-54FA9C9AAD11}.Debug|Any CPU.ActiveCfg = Debug|Any CPU
		{1958A417-2D70-49CE-A962-54FA9C9AAD11}.Debug|Any CPU.Build.0 = Debug|Any CPU
		{1958A417-2D70-49CE-A962-54FA9C9AAD11}.Release|Any CPU.ActiveCfg = Release|Any CPU
		{1958A417-2D70-49CE-A962-54FA9C9AAD11}.Release|Any CPU.Build.0 = Release|Any CPU
		{D235AB46-0B14-4234-870B-3122D4B009E7}.Debug|Any CPU.ActiveCfg = Debug|Any CPU
		{D235AB46-0B14-4234-870B-3122D4B009E7}.Debug|Any CPU.Build.0 = Debug|Any CPU
		{D235AB46-0B14-4234-870B-3122D4B009E7}.Release|Any CPU.ActiveCfg = Release|Any CPU
		{D235AB46-0B14-4234-870B-3122D4B009E7}.Release|Any CPU.Build.0 = Release|Any CPU
		{5891476F-E19F-4251-9561-001D5182100C}.Debug|Any CPU.ActiveCfg = Debug|Any CPU
		{5891476F-E19F-4251-9561-001D5182100C}.Debug|Any CPU.Build.0 = Debug|Any CPU
		{5891476F-E19F-4251-9561-001D5182100C}.Release|Any CPU.ActiveCfg = Release|Any CPU
		{5891476F-E19F-4251-9561-001D5182100C}.Release|Any CPU.Build.0 = Release|Any CPU
		{A1BCCE95-1D55-4F9D-A0A2-6336A225511E}.Debug|Any CPU.ActiveCfg = Debug|Any CPU
		{A1BCCE95-1D55-4F9D-A0A2-6336A225511E}.Debug|Any CPU.Build.0 = Debug|Any CPU
		{A1BCCE95-1D55-4F9D-A0A2-6336A225511E}.Release|Any CPU.ActiveCfg = Release|Any CPU
		{A1BCCE95-1D55-4F9D-A0A2-6336A225511E}.Release|Any CPU.Build.0 = Release|Any CPU
		{6C6AAFB8-2F73-4240-A57C-990A6AAD89FD}.Debug|Any CPU.ActiveCfg = Debug|Any CPU
		{6C6AAFB8-2F73-4240-A57C-990A6AAD89FD}.Debug|Any CPU.Build.0 = Debug|Any CPU
		{6C6AAFB8-2F73-4240-A57C-990A6AAD89FD}.Release|Any CPU.ActiveCfg = Release|Any CPU
		{6C6AAFB8-2F73-4240-A57C-990A6AAD89FD}.Release|Any CPU.Build.0 = Release|Any CPU
		{56CE2AD7-65E7-42B1-B90E-2C7F49694B2B}.Debug|Any CPU.ActiveCfg = Debug|Any CPU
		{56CE2AD7-65E7-42B1-B90E-2C7F49694B2B}.Debug|Any CPU.Build.0 = Debug|Any CPU
		{56CE2AD7-65E7-42B1-B90E-2C7F49694B2B}.Release|Any CPU.ActiveCfg = Release|Any CPU
		{56CE2AD7-65E7-42B1-B90E-2C7F49694B2B}.Release|Any CPU.Build.0 = Release|Any CPU
		{BC1B958A-163A-4C52-988C-9F89DC112D8C}.Debug|Any CPU.ActiveCfg = Debug|Any CPU
		{BC1B958A-163A-4C52-988C-9F89DC112D8C}.Debug|Any CPU.Build.0 = Debug|Any CPU
		{BC1B958A-163A-4C52-988C-9F89DC112D8C}.Release|Any CPU.ActiveCfg = Release|Any CPU
		{BC1B958A-163A-4C52-988C-9F89DC112D8C}.Release|Any CPU.Build.0 = Release|Any CPU
		{BC242C7C-1828-4D0D-A338-37988B05C667}.Debug|Any CPU.ActiveCfg = Debug|Any CPU
		{BC242C7C-1828-4D0D-A338-37988B05C667}.Debug|Any CPU.Build.0 = Debug|Any CPU
		{BC242C7C-1828-4D0D-A338-37988B05C667}.Release|Any CPU.ActiveCfg = Release|Any CPU
		{BC242C7C-1828-4D0D-A338-37988B05C667}.Release|Any CPU.Build.0 = Release|Any CPU
		{02B4182C-22B7-4C79-BCFA-6D5CB9C83580}.Debug|Any CPU.ActiveCfg = Debug|Any CPU
		{02B4182C-22B7-4C79-BCFA-6D5CB9C83580}.Debug|Any CPU.Build.0 = Debug|Any CPU
		{02B4182C-22B7-4C79-BCFA-6D5CB9C83580}.Release|Any CPU.ActiveCfg = Release|Any CPU
		{02B4182C-22B7-4C79-BCFA-6D5CB9C83580}.Release|Any CPU.Build.0 = Release|Any CPU
		{23C84EC6-EE67-4ECF-BD77-00F9A2E5B709}.Debug|Any CPU.ActiveCfg = Debug|Any CPU
		{23C84EC6-EE67-4ECF-BD77-00F9A2E5B709}.Debug|Any CPU.Build.0 = Debug|Any CPU
		{23C84EC6-EE67-4ECF-BD77-00F9A2E5B709}.Release|Any CPU.ActiveCfg = Release|Any CPU
		{23C84EC6-EE67-4ECF-BD77-00F9A2E5B709}.Release|Any CPU.Build.0 = Release|Any CPU
		{782B260F-C9B1-48BB-B2D5-B84C5AF6F517}.Debug|Any CPU.ActiveCfg = Debug|Any CPU
		{782B260F-C9B1-48BB-B2D5-B84C5AF6F517}.Debug|Any CPU.Build.0 = Debug|Any CPU
		{782B260F-C9B1-48BB-B2D5-B84C5AF6F517}.Release|Any CPU.ActiveCfg = Release|Any CPU
		{782B260F-C9B1-48BB-B2D5-B84C5AF6F517}.Release|Any CPU.Build.0 = Release|Any CPU
		{BD47B7FD-7E98-4C5E-A339-9F3D7A7C7A15}.Debug|Any CPU.ActiveCfg = Debug|Any CPU
		{BD47B7FD-7E98-4C5E-A339-9F3D7A7C7A15}.Debug|Any CPU.Build.0 = Debug|Any CPU
		{BD47B7FD-7E98-4C5E-A339-9F3D7A7C7A15}.Release|Any CPU.ActiveCfg = Release|Any CPU
		{BD47B7FD-7E98-4C5E-A339-9F3D7A7C7A15}.Release|Any CPU.Build.0 = Release|Any CPU
		{2420FB48-BB54-4DF0-83E2-D6C52BE44FAF}.Debug|Any CPU.ActiveCfg = Debug|Any CPU
		{2420FB48-BB54-4DF0-83E2-D6C52BE44FAF}.Debug|Any CPU.Build.0 = Debug|Any CPU
		{2420FB48-BB54-4DF0-83E2-D6C52BE44FAF}.Release|Any CPU.ActiveCfg = Release|Any CPU
		{2420FB48-BB54-4DF0-83E2-D6C52BE44FAF}.Release|Any CPU.Build.0 = Release|Any CPU
		{8E6E187D-CB01-4E86-8083-A1C06089430F}.Debug|Any CPU.ActiveCfg = Debug|Any CPU
		{8E6E187D-CB01-4E86-8083-A1C06089430F}.Debug|Any CPU.Build.0 = Debug|Any CPU
		{8E6E187D-CB01-4E86-8083-A1C06089430F}.Release|Any CPU.ActiveCfg = Release|Any CPU
		{8E6E187D-CB01-4E86-8083-A1C06089430F}.Release|Any CPU.Build.0 = Release|Any CPU
		{D52C47D8-A219-4398-80E8-B3396670F3D6}.Debug|Any CPU.ActiveCfg = Debug|Any CPU
		{D52C47D8-A219-4398-80E8-B3396670F3D6}.Debug|Any CPU.Build.0 = Debug|Any CPU
		{D52C47D8-A219-4398-80E8-B3396670F3D6}.Release|Any CPU.ActiveCfg = Release|Any CPU
		{D52C47D8-A219-4398-80E8-B3396670F3D6}.Release|Any CPU.Build.0 = Release|Any CPU
		{F13FAB77-3DEC-41AD-9447-9C1B51547AED}.Debug|Any CPU.ActiveCfg = Debug|Any CPU
		{F13FAB77-3DEC-41AD-9447-9C1B51547AED}.Debug|Any CPU.Build.0 = Debug|Any CPU
		{F13FAB77-3DEC-41AD-9447-9C1B51547AED}.Release|Any CPU.ActiveCfg = Release|Any CPU
		{F13FAB77-3DEC-41AD-9447-9C1B51547AED}.Release|Any CPU.Build.0 = Release|Any CPU
		{E331F168-5821-413D-AEC1-583FCE2BBE55}.Debug|Any CPU.ActiveCfg = Debug|Any CPU
		{E331F168-5821-413D-AEC1-583FCE2BBE55}.Debug|Any CPU.Build.0 = Debug|Any CPU
		{E331F168-5821-413D-AEC1-583FCE2BBE55}.Release|Any CPU.ActiveCfg = Release|Any CPU
		{E331F168-5821-413D-AEC1-583FCE2BBE55}.Release|Any CPU.Build.0 = Release|Any CPU
		{D2E43859-EEA3-4018-8A64-7AB9D4C55F85}.Debug|Any CPU.ActiveCfg = Debug|Any CPU
		{D2E43859-EEA3-4018-8A64-7AB9D4C55F85}.Debug|Any CPU.Build.0 = Debug|Any CPU
		{D2E43859-EEA3-4018-8A64-7AB9D4C55F85}.Release|Any CPU.ActiveCfg = Release|Any CPU
		{D2E43859-EEA3-4018-8A64-7AB9D4C55F85}.Release|Any CPU.Build.0 = Release|Any CPU
		{C8B2AD9F-0F2A-4DFF-88BA-F99581E39071}.Debug|Any CPU.ActiveCfg = Debug|Any CPU
		{C8B2AD9F-0F2A-4DFF-88BA-F99581E39071}.Debug|Any CPU.Build.0 = Debug|Any CPU
		{C8B2AD9F-0F2A-4DFF-88BA-F99581E39071}.Release|Any CPU.ActiveCfg = Release|Any CPU
		{C8B2AD9F-0F2A-4DFF-88BA-F99581E39071}.Release|Any CPU.Build.0 = Release|Any CPU
		{2B5836FC-CFF3-4ECD-BC77-6A793C461951}.Debug|Any CPU.ActiveCfg = Debug|Any CPU
		{2B5836FC-CFF3-4ECD-BC77-6A793C461951}.Debug|Any CPU.Build.0 = Debug|Any CPU
		{2B5836FC-CFF3-4ECD-BC77-6A793C461951}.Release|Any CPU.ActiveCfg = Release|Any CPU
		{2B5836FC-CFF3-4ECD-BC77-6A793C461951}.Release|Any CPU.Build.0 = Release|Any CPU
		{2AE4F23E-B27E-4A08-9F56-A7437A52B70B}.Debug|Any CPU.ActiveCfg = Debug|Any CPU
		{2AE4F23E-B27E-4A08-9F56-A7437A52B70B}.Debug|Any CPU.Build.0 = Debug|Any CPU
		{2AE4F23E-B27E-4A08-9F56-A7437A52B70B}.Release|Any CPU.ActiveCfg = Release|Any CPU
		{2AE4F23E-B27E-4A08-9F56-A7437A52B70B}.Release|Any CPU.Build.0 = Release|Any CPU
		{DD47F20E-0C3A-411A-A5FB-2F7945F4E5EF}.Debug|Any CPU.ActiveCfg = Debug|Any CPU
		{DD47F20E-0C3A-411A-A5FB-2F7945F4E5EF}.Debug|Any CPU.Build.0 = Debug|Any CPU
		{DD47F20E-0C3A-411A-A5FB-2F7945F4E5EF}.Release|Any CPU.ActiveCfg = Release|Any CPU
		{DD47F20E-0C3A-411A-A5FB-2F7945F4E5EF}.Release|Any CPU.Build.0 = Release|Any CPU
		{661C0A22-97F8-464B-AE6E-9A00F9485309}.Debug|Any CPU.ActiveCfg = Debug|Any CPU
		{661C0A22-97F8-464B-AE6E-9A00F9485309}.Debug|Any CPU.Build.0 = Debug|Any CPU
		{661C0A22-97F8-464B-AE6E-9A00F9485309}.Release|Any CPU.ActiveCfg = Release|Any CPU
		{661C0A22-97F8-464B-AE6E-9A00F9485309}.Release|Any CPU.Build.0 = Release|Any CPU
		{E0265FD4-B020-4BCC-9CA7-340714E0735A}.Debug|Any CPU.ActiveCfg = Debug|Any CPU
		{E0265FD4-B020-4BCC-9CA7-340714E0735A}.Debug|Any CPU.Build.0 = Debug|Any CPU
		{E0265FD4-B020-4BCC-9CA7-340714E0735A}.Release|Any CPU.ActiveCfg = Release|Any CPU
		{E0265FD4-B020-4BCC-9CA7-340714E0735A}.Release|Any CPU.Build.0 = Release|Any CPU
		{63F711EF-8245-4381-BC70-1E901F55BA95}.Debug|Any CPU.ActiveCfg = Debug|Any CPU
		{63F711EF-8245-4381-BC70-1E901F55BA95}.Debug|Any CPU.Build.0 = Debug|Any CPU
		{63F711EF-8245-4381-BC70-1E901F55BA95}.Release|Any CPU.ActiveCfg = Release|Any CPU
		{63F711EF-8245-4381-BC70-1E901F55BA95}.Release|Any CPU.Build.0 = Release|Any CPU
		{930B2914-F35C-4159-8565-5235D6183FD4}.Debug|Any CPU.ActiveCfg = Debug|Any CPU
		{930B2914-F35C-4159-8565-5235D6183FD4}.Debug|Any CPU.Build.0 = Debug|Any CPU
		{930B2914-F35C-4159-8565-5235D6183FD4}.Release|Any CPU.ActiveCfg = Release|Any CPU
		{930B2914-F35C-4159-8565-5235D6183FD4}.Release|Any CPU.Build.0 = Release|Any CPU
		{2726BD48-BC13-4956-9119-01FE815B76D3}.Debug|Any CPU.ActiveCfg = Debug|Any CPU
		{2726BD48-BC13-4956-9119-01FE815B76D3}.Debug|Any CPU.Build.0 = Debug|Any CPU
		{2726BD48-BC13-4956-9119-01FE815B76D3}.Release|Any CPU.ActiveCfg = Release|Any CPU
		{2726BD48-BC13-4956-9119-01FE815B76D3}.Release|Any CPU.Build.0 = Release|Any CPU
		{D41CCA55-1053-4F48-8B86-9AA4713506E0}.Debug|Any CPU.ActiveCfg = Debug|Any CPU
		{D41CCA55-1053-4F48-8B86-9AA4713506E0}.Debug|Any CPU.Build.0 = Debug|Any CPU
		{D41CCA55-1053-4F48-8B86-9AA4713506E0}.Release|Any CPU.ActiveCfg = Release|Any CPU
		{D41CCA55-1053-4F48-8B86-9AA4713506E0}.Release|Any CPU.Build.0 = Release|Any CPU
		{BEB31C6E-03A6-4421-8E21-51A1E17A83CB}.Debug|Any CPU.ActiveCfg = Debug|Any CPU
		{BEB31C6E-03A6-4421-8E21-51A1E17A83CB}.Debug|Any CPU.Build.0 = Debug|Any CPU
		{BEB31C6E-03A6-4421-8E21-51A1E17A83CB}.Release|Any CPU.ActiveCfg = Release|Any CPU
		{BEB31C6E-03A6-4421-8E21-51A1E17A83CB}.Release|Any CPU.Build.0 = Release|Any CPU
		{10827F28-25A9-4B46-ACA5-7B85327FC0E7}.Debug|Any CPU.ActiveCfg = Debug|Any CPU
		{10827F28-25A9-4B46-ACA5-7B85327FC0E7}.Debug|Any CPU.Build.0 = Debug|Any CPU
		{10827F28-25A9-4B46-ACA5-7B85327FC0E7}.Release|Any CPU.ActiveCfg = Release|Any CPU
		{10827F28-25A9-4B46-ACA5-7B85327FC0E7}.Release|Any CPU.Build.0 = Release|Any CPU
	EndGlobalSection
	GlobalSection(SolutionProperties) = preSolution
		HideSolutionNode = FALSE
	EndGlobalSection
	GlobalSection(NestedProjects) = preSolution
		{ACBC0A40-2BA7-490B-B87D-4873C80D65FD} = {CDADAE48-7295-4013-9CE1-6096E6F0A224}
		{B599BC79-66A7-4296-9F71-0449CD57513D} = {CDADAE48-7295-4013-9CE1-6096E6F0A224}
		{FFEEB19F-ED00-4C87-A80B-E8166A98E236} = {6897C73F-09A4-487C-AAAE-491485603861}
		{F42996D1-CFE6-42B2-9D0E-34836E1B988D} = {6897C73F-09A4-487C-AAAE-491485603861}
		{1958A417-2D70-49CE-A962-54FA9C9AAD11} = {6897C73F-09A4-487C-AAAE-491485603861}
		{D235AB46-0B14-4234-870B-3122D4B009E7} = {4890E016-E405-411D-8C79-730433298F68}
		{5891476F-E19F-4251-9561-001D5182100C} = {5915DF63-491A-488D-AA55-81301E407627}
		{A1BCCE95-1D55-4F9D-A0A2-6336A225511E} = {5915DF63-491A-488D-AA55-81301E407627}
		{6C6AAFB8-2F73-4240-A57C-990A6AAD89FD} = {5915DF63-491A-488D-AA55-81301E407627}
		{56CE2AD7-65E7-42B1-B90E-2C7F49694B2B} = {5915DF63-491A-488D-AA55-81301E407627}
		{BC1B958A-163A-4C52-988C-9F89DC112D8C} = {5915DF63-491A-488D-AA55-81301E407627}
		{BC242C7C-1828-4D0D-A338-37988B05C667} = {737B3C26-867B-421C-86C8-777A2406B0BB}
		{02B4182C-22B7-4C79-BCFA-6D5CB9C83580} = {737B3C26-867B-421C-86C8-777A2406B0BB}
		{23C84EC6-EE67-4ECF-BD77-00F9A2E5B709} = {BBED8EBB-3679-45CB-9E99-F6BC164F40E3}
		{782B260F-C9B1-48BB-B2D5-B84C5AF6F517} = {BBED8EBB-3679-45CB-9E99-F6BC164F40E3}
		{BD47B7FD-7E98-4C5E-A339-9F3D7A7C7A15} = {E0C5D31F-C46E-436F-89A5-DF5C108F2EC8}
		{2420FB48-BB54-4DF0-83E2-D6C52BE44FAF} = {E0C5D31F-C46E-436F-89A5-DF5C108F2EC8}
		{8E6E187D-CB01-4E86-8083-A1C06089430F} = {8BD2BA59-F33B-4685-972E-CCDBB55C623D}
		{D52C47D8-A219-4398-80E8-B3396670F3D6} = {8BD2BA59-F33B-4685-972E-CCDBB55C623D}
		{F13FAB77-3DEC-41AD-9447-9C1B51547AED} = {936B19A9-8FB8-40AF-8AD5-19CBA4DDF52E}
		{E331F168-5821-413D-AEC1-583FCE2BBE55} = {936B19A9-8FB8-40AF-8AD5-19CBA4DDF52E}
		{D2E43859-EEA3-4018-8A64-7AB9D4C55F85} = {9B2C9378-DED9-4670-94A3-E5F533D03792}
		{C8B2AD9F-0F2A-4DFF-88BA-F99581E39071} = {9B2C9378-DED9-4670-94A3-E5F533D03792}
		{2B5836FC-CFF3-4ECD-BC77-6A793C461951} = {C5880F3D-79E7-43FD-A000-6C724613008F}
		{2AE4F23E-B27E-4A08-9F56-A7437A52B70B} = {C5880F3D-79E7-43FD-A000-6C724613008F}
		{DD47F20E-0C3A-411A-A5FB-2F7945F4E5EF} = {6154D407-C8FA-4CD0-B886-842C6289B018}
		{661C0A22-97F8-464B-AE6E-9A00F9485309} = {6154D407-C8FA-4CD0-B886-842C6289B018}
		{E0265FD4-B020-4BCC-9CA7-340714E0735A} = {06B0240E-6E29-4D84-9EBB-DE20D6CD59A6}
		{63F711EF-8245-4381-BC70-1E901F55BA95} = {06B0240E-6E29-4D84-9EBB-DE20D6CD59A6}
		{930B2914-F35C-4159-8565-5235D6183FD4} = {833CEB0B-2AC8-4097-A800-EE459D277716}
		{2726BD48-BC13-4956-9119-01FE815B76D3} = {833CEB0B-2AC8-4097-A800-EE459D277716}
		{D41CCA55-1053-4F48-8B86-9AA4713506E0} = {833CEB0B-2AC8-4097-A800-EE459D277716}
		{BEB31C6E-03A6-4421-8E21-51A1E17A83CB} = {833CEB0B-2AC8-4097-A800-EE459D277716}
		{10827F28-25A9-4B46-ACA5-7B85327FC0E7} = {833CEB0B-2AC8-4097-A800-EE459D277716}
	EndGlobalSection
	GlobalSection(ExtensibilityGlobals) = postSolution
		SolutionGuid = {9B63C9B2-A22E-412E-BEC2-6894017E5584}
	EndGlobalSection
EndGlobal
